
Microsoft Visual Studio Solution File, Format Version 12.00
# Visual Studio 15
VisualStudioVersion = 15.0.28307.572
MinimumVisualStudioVersion = 10.0.40219.1
Project("{FAE04EC0-301F-11D3-BF4B-00C04F79EFBC}") = "SimaWebProject", "SimaWebProject\SimaWebProject.csproj", "{C3802F58-3985-4601-8BE5-9D0513E4D39E}"
EndProject
Project("{FAE04EC0-301F-11D3-BF4B-00C04F79EFBC}") = "SimaWebProject.Tests", "SimaWebProject.Tests\SimaWebProject.Tests.csproj", "{EFD2C999-A5CB-427F-8833-2413FC4C85C8}"
EndProject
Global
	GlobalSection(SolutionConfigurationPlatforms) = preSolution
		Debug|Any CPU = Debug|Any CPU
		Release|Any CPU = Release|Any CPU
	EndGlobalSection
	GlobalSection(ProjectConfigurationPlatforms) = postSolution
		{C3802F58-3985-4601-8BE5-9D0513E4D39E}.Debug|Any CPU.ActiveCfg = Debug|Any CPU
		{C3802F58-3985-4601-8BE5-9D0513E4D39E}.Debug|Any CPU.Build.0 = Debug|Any CPU
		{C3802F58-3985-4601-8BE5-9D0513E4D39E}.Release|Any CPU.ActiveCfg = Release|Any CPU
		{C3802F58-3985-4601-8BE5-9D0513E4D39E}.Release|Any CPU.Build.0 = Release|Any CPU
		{EFD2C999-A5CB-427F-8833-2413FC4C85C8}.Debug|Any CPU.ActiveCfg = Debug|Any CPU
		{EFD2C999-A5CB-427F-8833-2413FC4C85C8}.Debug|Any CPU.Build.0 = Debug|Any CPU
		{EFD2C999-A5CB-427F-8833-2413FC4C85C8}.Release|Any CPU.ActiveCfg = Release|Any CPU
		{EFD2C999-A5CB-427F-8833-2413FC4C85C8}.Release|Any CPU.Build.0 = Release|Any CPU
	EndGlobalSection
	GlobalSection(SolutionProperties) = preSolution
		HideSolutionNode = FALSE
	EndGlobalSection
	GlobalSection(ExtensibilityGlobals) = postSolution
		SolutionGuid = {F05F04C5-0034-4D68-8A1B-0C414E2AFE96}
	EndGlobalSection
EndGlobal
